PODS:
  - JRSwizzle (1.0)
  - TNKRefreshControl (0.1.4):
    - JRSwizzle (~> 1.0)

DEPENDENCIES:
  - TNKRefreshControl (from `../`)

EXTERNAL SOURCES:
  TNKRefreshControl:
    :path: "../"

SPEC CHECKSUMS:
  JRSwizzle: dd5ead5d913a0f29e7f558200165849f006bb1e3
  TNKRefreshControl: 75a78115637a29df6f8e9c2a472c6d9a535dcba5

COCOAPODS: 0.38.2
