PODS:
  - CKShapeView (0.1.2)
  - JRSwizzle (1.0)
  - TNKRefreshControl (0.1.1):
    - CKShapeView (~> 0.1)
    - JRSwizzle (~> 1.0)

DEPENDENCIES:
  - TNKRefreshControl (from `../`)

EXTERNAL SOURCES:
  TNKRefreshControl:
    :path: ../

SPEC CHECKSUMS:
  CKShapeView: 92592c9c227ff0a6f6644aca746a74a7984cea3b
  JRSwizzle: 30da7a2c539a4ebf954b16d15f6dd8221c9f6fa5
  TNKRefreshControl: 2aad5127c89088f1216667d93eee0d4308d65237

COCOAPODS: 0.35.0
